Microsoft Visual Studio Solution File, Format Version 11.00
# Visual Studio 2008

Project("{C0E12AF6-80C9-3CA3-861F-E3078767D140}") = "StreetRunner", "Assembly-CSharp-firstpass.csproj", "{078C0427-708F-A3EA-0A8B-EA067CCDCD01}"
EndProject
Project("{C0E12AF6-80C9-3CA3-861F-E3078767D140}") = "StreetRunner", "Assembly-CSharp.csproj", "{4CFDBCD3-2DEA-47E3-6D8F-200095677837}"
EndProject
Project("{C0E12AF6-80C9-3CA3-861F-E3078767D140}") = "StreetRunner", "Assembly-CSharp-Editor.csproj", "{56A2E2B8-C422-0F8F-1595-1BC254DAAC18}"
EndProject
Global
	GlobalSection(SolutionConfigurationPlatforms) = preSolution
		Debug|Any CPU = Debug|Any CPU
		Release|Any CPU = Release|Any CPU
	EndGlobalSection
	GlobalSection(ProjectConfigurationPlatforms) = postSolution
		{078C0427-708F-A3EA-0A8B-EA067CCDCD01}.Debug|Any CPU.ActiveCfg = Debug|Any CPU
		{078C0427-708F-A3EA-0A8B-EA067CCDCD01}.Debug|Any CPU.Build.0 = Debug|Any CPU
		{078C0427-708F-A3EA-0A8B-EA067CCDCD01}.Release|Any CPU.ActiveCfg = Release|Any CPU
		{078C0427-708F-A3EA-0A8B-EA067CCDCD01}.Release|Any CPU.Build.0 = Release|Any CPU
		{4CFDBCD3-2DEA-47E3-6D8F-200095677837}.Debug|Any CPU.ActiveCfg = Debug|Any CPU
		{4CFDBCD3-2DEA-47E3-6D8F-200095677837}.Debug|Any CPU.Build.0 = Debug|Any CPU
		{4CFDBCD3-2DEA-47E3-6D8F-200095677837}.Release|Any CPU.ActiveCfg = Release|Any CPU
		{4CFDBCD3-2DEA-47E3-6D8F-200095677837}.Release|Any CPU.Build.0 = Release|Any CPU
		{56A2E2B8-C422-0F8F-1595-1BC254DAAC18}.Debug|Any CPU.ActiveCfg = Debug|Any CPU
		{56A2E2B8-C422-0F8F-1595-1BC254DAAC18}.Debug|Any CPU.Build.0 = Debug|Any CPU
		{56A2E2B8-C422-0F8F-1595-1BC254DAAC18}.Release|Any CPU.ActiveCfg = Release|Any CPU
		{56A2E2B8-C422-0F8F-1595-1BC254DAAC18}.Release|Any CPU.Build.0 = Release|Any CPU
	EndGlobalSection
	GlobalSection(SolutionProperties) = preSolution
		HideSolutionNode = FALSE
	EndGlobalSection
	GlobalSection(MonoDevelopProperties) = preSolution
		StartupItem = Assembly-CSharp.csproj
	EndGlobalSection
EndGlobal
