Microsoft Visual Studio Solution File, Format Version 11.00
# Visual Studio 2008

Project("{6140A014-AF58-F512-413E-E080BD2AC351}") = "Unity_3D_game_StreetRunner", "Assembly-CSharp-firstpass.csproj", "{B62FD9E1-83CE-1E14-0E22-4D09E4E25CE7}"
EndProject
Project("{6140A014-AF58-F512-413E-E080BD2AC351}") = "Unity_3D_game_StreetRunner", "Assembly-CSharp.csproj", "{75BEA226-C111-405C-573B-1568113A966B}"
EndProject
Project("{6140A014-AF58-F512-413E-E080BD2AC351}") = "Unity_3D_game_StreetRunner", "Assembly-CSharp-Editor.csproj", "{5EB86F27-2D5A-3D2C-69B7-B33429D27554}"
EndProject
Global
	GlobalSection(SolutionConfigurationPlatforms) = preSolution
		Debug|Any CPU = Debug|Any CPU
		Release|Any CPU = Release|Any CPU
	EndGlobalSection
	GlobalSection(ProjectConfigurationPlatforms) = postSolution
		{B62FD9E1-83CE-1E14-0E22-4D09E4E25CE7}.Debug|Any CPU.ActiveCfg = Debug|Any CPU
		{B62FD9E1-83CE-1E14-0E22-4D09E4E25CE7}.Debug|Any CPU.Build.0 = Debug|Any CPU
		{B62FD9E1-83CE-1E14-0E22-4D09E4E25CE7}.Release|Any CPU.ActiveCfg = Release|Any CPU
		{B62FD9E1-83CE-1E14-0E22-4D09E4E25CE7}.Release|Any CPU.Build.0 = Release|Any CPU
		{75BEA226-C111-405C-573B-1568113A966B}.Debug|Any CPU.ActiveCfg = Debug|Any CPU
		{75BEA226-C111-405C-573B-1568113A966B}.Debug|Any CPU.Build.0 = Debug|Any CPU
		{75BEA226-C111-405C-573B-1568113A966B}.Release|Any CPU.ActiveCfg = Release|Any CPU
		{75BEA226-C111-405C-573B-1568113A966B}.Release|Any CPU.Build.0 = Release|Any CPU
		{5EB86F27-2D5A-3D2C-69B7-B33429D27554}.Debug|Any CPU.ActiveCfg = Debug|Any CPU
		{5EB86F27-2D5A-3D2C-69B7-B33429D27554}.Debug|Any CPU.Build.0 = Debug|Any CPU
		{5EB86F27-2D5A-3D2C-69B7-B33429D27554}.Release|Any CPU.ActiveCfg = Release|Any CPU
		{5EB86F27-2D5A-3D2C-69B7-B33429D27554}.Release|Any CPU.Build.0 = Release|Any CPU
	EndGlobalSection
	GlobalSection(SolutionProperties) = preSolution
		HideSolutionNode = FALSE
	EndGlobalSection
	GlobalSection(MonoDevelopProperties) = preSolution
		StartupItem = Assembly-CSharp.csproj
	EndGlobalSection
EndGlobal
